
Microsoft Visual Studio Solution File, Format Version 12.00
# Visual Studio Version 17
VisualStudioVersion = 17.5.002.0
MinimumVisualStudioVersion = 10.0.40219.1
Project("{9A19103F-16F7-4668-BE54-9A1E7A4F7556}") = "TaskApi", "TaskApi.csproj", "{2635E164-7033-48BF-939F-2AC811BB3194}"
EndProject
Global
	GlobalSection(SolutionConfigurationPlatforms) = preSolution
		Debug|Any CPU = Debug|Any CPU
		Release|Any CPU = Release|Any CPU
	EndGlobalSection
	GlobalSection(ProjectConfigurationPlatforms) = postSolution
		{2635E164-7033-48BF-939F-2AC811BB3194}.Debug|Any CPU.ActiveCfg = Debug|Any CPU
		{2635E164-7033-48BF-939F-2AC811BB3194}.Debug|Any CPU.Build.0 = Debug|Any CPU
		{2635E164-7033-48BF-939F-2AC811BB3194}.Release|Any CPU.ActiveCfg = Release|Any CPU
		{2635E164-7033-48BF-939F-2AC811BB3194}.Release|Any CPU.Build.0 = Release|Any CPU
	EndGlobalSection
	GlobalSection(SolutionProperties) = preSolution
		HideSolutionNode = FALSE
	EndGlobalSection
	GlobalSection(ExtensibilityGlobals) = postSolution
		SolutionGuid = {7AD1D4E4-B0F5-497B-B806-C709F0D64BDA}
	EndGlobalSection
EndGlobal
